# This file is autogenerated, do not edit; changes may be undone by the next 'dep ensure'.


[[projects]]
  digest = "1:b16fbfbcc20645cb419f78325bb2e85ec729b338e996a228124d68931a6f2a37"
  name = "github.com/BurntSushi/toml"
  packages = ["."]
  pruneopts = "UT"
  revision = "b26d9c308763d68093482582cea63d69be07a0f0"
  version = "v0.3.0"

[[projects]]
  digest = "1:20695cc3d37c69d8a95420452e9d1afd29cc67cf54934a5d5738404e0831aad8"
  name = "github.com/Microsoft/go-winio"
  packages = ["."]
  pruneopts = "UT"
  revision = "78439966b38d69bf38227fbf57ac8a6fee70f69a"
  version = "v0.4.5"

[[projects]]
  branch = "master"
  digest = "1:c3806bfe3d2c9baa0d4ebd90f0a59c7505969bcaab024b5185d20ccd66c9400c"
  name = "github.com/buger/goterm"
  packages = ["."]
  pruneopts = "UT"
  revision = "6d19e6a8df12fdfc44a90a24b677a6d04a80b91f"

[[projects]]
  digest = "1:2bd36f1e83f3f314bebc32cfe61db7584adde6c564c0be751b587c6717812b12"
  name = "github.com/coreos/go-systemd"
  packages = ["activation"]
  pruneopts = "UT"
  revision = "d2196463941895ee908e13531a23a39feb9e1243"
  version = "v15"

[[projects]]
  digest = "1:ffe9824d294da03b391f44e1ae8281281b4afc1bdaa9588c9097785e3af10cec"
  name = "github.com/davecgh/go-spew"
  packages = ["spew"]
  pruneopts = "UT"
  revision = "8991bc29aa16c548c550c7ff78260e27b9ab7c73"
  version = "v1.1.1"

[[projects]]
  branch = "master"
  digest = "1:5fdfd8dfdb323ae8328363ec4f80a9aeb204da807578a0d620ef8ae54e881cb3"
  name = "github.com/davecgh/go-xdr"
  packages = ["xdr2"]
  pruneopts = "UT"
  revision = "e6a2ba005892b6a5b27cb5352f64c2e96942dd28"

[[projects]]
  digest = "1:5a900d94d96d41ea116d7e6c46717fdf330f35d8bdd116798e2bc0c319f66565"
  name = "github.com/docker/go-connections"
  packages = ["sockets"]
  pruneopts = "UT"
  revision = "3ede32e2033de7505e6500d6c868c2b9ed9f169d"
  version = "v0.3.0"

[[projects]]
  digest = "1:23f2e26bf3157d9d8533f0593119fbf33fc0bc40d1373f3732ec3c4d84b6cdeb"
  name = "github.com/docker/go-plugins-helpers"
  packages = [
    "sdk",
    "volume",
  ]
  pruneopts = "UT"
  revision = "a9ef19c479cb60e751efa55f7f2b265776af1abf"

[[projects]]
  branch = "import-paths"
  digest = "1:93694df05752fdfb0cbf277b030db8bcefcbe7c757dc68f82d1037ed4d72bc6b"
  name = "github.com/elastifile/emanage-go"
  packages = [
    "src/ejson",
    "src/emanage-client",
    "src/errors",
    "src/etime",
    "src/eurl",
    "src/filestore/types",
    "src/github.com/pkg/sftp",
    "src/helputils",
    "src/ioutil2",
    "src/logging",
    "src/logging/config",
    "src/nfs/sunrpc/basic",
    "src/nfs/sunrpc/client",
    "src/nfs/sunrpc/nfsx",
    "src/nfs/sunrpc/rpc2",
    "src/optional",
    "src/remote",
    "src/rest",
    "src/retry",
    "src/runtimeutil",
    "src/size",
    "src/tester/types",
    "src/tools/cthon/config",
    "src/tools/errors",
    "src/tools/erun/config",
    "src/tools/fio/config",
    "src/tools/fstool/config",
    "src/tools/migration/config",
    "src/tools/sfs2008/config",
    "src/tools/sfs2014/config",
    "src/tools/teslatest/config",
    "src/tools/vdbench/config",
    "src/types",
  ]
  pruneopts = "UT"
  revision = "693f046bd911c5a11210fe17bcc67980b79c6976"

[[projects]]
  digest = "1:bbc4aacabe6880bdbce849c64cb061b7eddf39f132af4ea2853ddd32f85fbec3"
  name = "github.com/fatih/camelcase"
  packages = ["."]
  pruneopts = "UT"
  revision = "44e46d280b43ec1531bb25252440e34f1b800b65"
  version = "v1.0.0"

[[projects]]
  digest = "1:ca82a3b99694824c627573c2a76d0e49719b4a9c02d1d85a2ac91f1c1f52ab9b"
  name = "github.com/fatih/structs"
  packages = ["."]
  pruneopts = "UT"
  revision = "a720dfa8df582c51dee1b36feabb906bde1588bd"
  version = "v1.0"

[[projects]]
  digest = "1:a4a50f7eaa7c828785959c2ea903588749fdb0dc5846c7d4475d104dda80038f"
  name = "github.com/fsouza/go-dockerclient"
  packages = [
    ".",
    "external/github.com/Sirupsen/logrus",
    "external/github.com/docker/docker/opts",
    "external/github.com/docker/docker/pkg/archive",
    "external/github.com/docker/docker/pkg/fileutils",
    "external/github.com/docker/docker/pkg/homedir",
    "external/github.com/docker/docker/pkg/idtools",
    "external/github.com/docker/docker/pkg/ioutils",
    "external/github.com/docker/docker/pkg/longpath",
    "external/github.com/docker/docker/pkg/pools",
    "external/github.com/docker/docker/pkg/promise",
    "external/github.com/docker/docker/pkg/stdcopy",
    "external/github.com/docker/docker/pkg/system",
    "external/github.com/docker/go-units",
    "external/github.com/hashicorp/go-cleanhttp",
    "external/github.com/opencontainers/runc/libcontainer/user",
    "external/golang.org/x/net/context",
    "external/golang.org/x/sys/unix",
  ]
  pruneopts = "UT"
  revision = "1d4f4ae73768d3ca16a6fb964694f58dc5eba601"
  version = "docker-1.9/go-1.4"

[[projects]]
  digest = "1:aacef5f5e45685f2aeda5534d0a750dee6859de7e9088cdd06192787bb01ae6d"
  name = "github.com/go-errors/errors"
  packages = ["."]
  pruneopts = "UT"
  revision = "a6af135bd4e28680facf08a3d206b454abc877a4"
  version = "v1.0.1"

[[projects]]
  digest = "1:0ade334594e69404d80d9d323445d2297ff8161637f9b2d347cc6973d2d6f05b"
  name = "github.com/hashicorp/errwrap"
  packages = ["."]
  pruneopts = "UT"
  revision = "8a6fb523712970c966eefc6b39ed2c5e74880354"
  version = "v1.0.0"

[[projects]]
  digest = "1:f668349b83f7d779567c880550534addeca7ebadfdcf44b0b9c39be61864b4b7"
  name = "github.com/hashicorp/go-multierror"
  packages = ["."]
  pruneopts = "UT"
  revision = "886a7fbe3eb1c874d46f623bfa70af45f425b3d1"
  version = "v1.0.0"

[[projects]]
  digest = "1:77395dd3847dac9c45118c668f5dab85aedf0163dc3b38aea6578c5cf0d502f9"
  name = "github.com/hashicorp/go-version"
  packages = ["."]
  pruneopts = "UT"
  revision = "b5a281d3160aa11950a6182bd9a9dc2cb1e02d50"
  version = "v1.0.0"

[[projects]]
  branch = "master"
  digest = "1:caf6db28595425c0e0f2301a00257d11712f65c1878e12cffc42f6b9a9cf3f23"
  name = "github.com/kardianos/osext"
  packages = ["."]
  pruneopts = "UT"
  revision = "ae77be60afb1dcacde03767a8c37337fad28ac14"

[[projects]]
  branch = "master"
  digest = "1:26ee455faa224e7031355a0b51ce60c489f0fb4aa2cc96b42a622c320f0c0049"
  name = "github.com/koding/multiconfig"
  packages = ["."]
  pruneopts = "UT"
  revision = "69c27309b2d751c576b59ea9c3726597c2375da3"

[[projects]]
  digest = "1:9cedee824c21326bd26950bd9e1ffe9dc4e7ca03dc8634d0e6f954ee6a383172"
  name = "github.com/kr/fs"
  packages = ["."]
  pruneopts = "UT"
  revision = "1455def202f6e05b95cc7bfc7e8ae67ae5141eba"
  version = "v0.1.0"

[[projects]]
  digest = "1:c658e84ad3916da105a761660dcaeb01e63416c8ec7bc62256a9b411a05fcd67"
  name = "github.com/mattn/go-colorable"
  packages = ["."]
  pruneopts = "UT"
  revision = "167de6bfdfba052fa6b2d3664c8f5272e23c9072"
  version = "v0.0.9"

[[projects]]
  digest = "1:0981502f9816113c9c8c4ac301583841855c8cf4da8c72f696b3ebedf6d0e4e5"
  name = "github.com/mattn/go-isatty"
  packages = ["."]
  pruneopts = "UT"
  revision = "6ca4dbf54d38eea1a992b3c722a76a5d1c4cb25c"
  version = "v0.0.4"

[[projects]]
  digest = "1:361de06aa7ae272616cbe71c3994a654cc6316324e30998e650f7765b20c5b33"
  name = "github.com/pborman/uuid"
  packages = ["."]
  pruneopts = "UT"
  revision = "e790cca94e6cc75c7064b1332e63811d4aae1a53"
  version = "v1.1"

[[projects]]
  digest = "1:40e195917a951a8bf867cd05de2a46aaf1806c50cf92eebf4c16f78cd196f747"
  name = "github.com/pkg/errors"
  packages = ["."]
  pruneopts = "UT"
  revision = "645ef00459ed84a119197bfb8d8205042c6df63d"
  version = "v0.8.0"

[[projects]]
  digest = "1:d867dfa6751c8d7a435821ad3b736310c2ed68945d05b50fb9d23aee0540c8cc"
  name = "github.com/sirupsen/logrus"
  packages = ["."]
  pruneopts = "UT"
  revision = "3e01752db0189b9157070a0e1668a620f9a85da2"
  version = "v1.0.6"

[[projects]]
  digest = "1:c0c1779afb5c36702fdc2f47e0dd17e5b6b6dcde8b92a7dbd365fa9c8a923034"
  name = "golang.org/x/crypto"
  packages = [
    "curve25519",
    "ed25519",
    "ed25519/internal/edwards25519",
    "ssh",
    "ssh/terminal",
  ]
  pruneopts = "UT"
  revision = "b176d7def5d71bdd214203491f89843ed217f420"

[[projects]]
  digest = "1:f5846f0d350928824f3a66077cdc61414c6f5c70503f360236b7690e2ee137ca"
  name = "golang.org/x/net"
  packages = ["proxy"]
  pruneopts = "UT"
  revision = "1c05540f6879653db88113bc4a2b70aec4bd491f"

[[projects]]
  digest = "1:9342f93369bc1b586995c8125180de785b1b742811bdb5bbaccd66cb246453db"
  name = "golang.org/x/sys"
  packages = [
    "unix",
    "windows",
  ]
  pruneopts = "UT"
  revision = "9f7170bcd8e9f4d3691c06401119c46a769a1e03"

[[projects]]
  digest = "1:d6d68061ae5697cf6facb487fac99a76c44e3c0899f4f1f7f758c0d9c00de5f6"
  name = "gopkg.in/inconshreveable/log15.v2"
  packages = [
    ".",
    "stack",
    "term",
  ]
  pruneopts = "UT"
  revision = "b105bd37f74e5d9dc7b6ad7806715c7a2b83fd3f"
  version = "v2.14"

[[projects]]
  digest = "1:342378ac4dcb378a5448dd723f0784ae519383532f5e70ade24132c4c8693202"
  name = "gopkg.in/yaml.v2"
  packages = ["."]
  pruneopts = "UT"
  revision = "5420a8b6744d3b0345ab293f6fcba19c978f1183"
  version = "v2.2.1"

[solve-meta]
  analyzer-name = "dep"
  analyzer-version = 1
  input-imports = [
    "github.com/docker/go-plugins-helpers/volume",
    "github.com/elastifile/emanage-go/src/emanage-client",
    "github.com/elastifile/emanage-go/src/size",
    "github.com/go-errors/errors",
    "github.com/sirupsen/logrus",
  ]
  solver-name = "gps-cdcl"
  solver-version = 1
